
Microsoft Visual Studio Solution File, Format Version 12.00
# Visual Studio Version 17
VisualStudioVersion = 17.3.32901.215
MinimumVisualStudioVersion = 10.0.40219.1
Project("{8BC9CEB8-8B4A-11D0-8D11-00A0C91BC942}") = "Hat", "Hat.vcxproj", "{489AE12F-EE24-49E5-B016-F8A7D5113B1C}"
EndProject
Global
	GlobalSection(SolutionConfigurationPlatforms) = preSolution
		Debug|x64 = Debug|x64
		Debug|x86 = Debug|x86
		Release|x64 = Release|x64
		Release|x86 = Release|x86
	EndGlobalSection
	GlobalSection(ProjectConfigurationPlatforms) = postSolution
		{489AE12F-EE24-49E5-B016-F8A7D5113B1C}.Debug|x64.ActiveCfg = Debug|x64
		{489AE12F-EE24-49E5-B016-F8A7D5113B1C}.Debug|x64.Build.0 = Debug|x64
		{489AE12F-EE24-49E5-B016-F8A7D5113B1C}.Debug|x86.ActiveCfg = Debug|Win32
		{489AE12F-EE24-49E5-B016-F8A7D5113B1C}.Debug|x86.Build.0 = Debug|Win32
		{489AE12F-EE24-49E5-B016-F8A7D5113B1C}.Release|x64.ActiveCfg = Release|x64
		{489AE12F-EE24-49E5-B016-F8A7D5113B1C}.Release|x64.Build.0 = Release|x64
		{489AE12F-EE24-49E5-B016-F8A7D5113B1C}.Release|x86.ActiveCfg = Release|Win32
		{489AE12F-EE24-49E5-B016-F8A7D5113B1C}.Release|x86.Build.0 = Release|Win32
	EndGlobalSection
	GlobalSection(SolutionProperties) = preSolution
		HideSolutionNode = FALSE
	EndGlobalSection
	GlobalSection(ExtensibilityGlobals) = postSolution
		SolutionGuid = {B54C3B6E-C4D9-4702-B3E3-1D550A5DB85B}
	EndGlobalSection
EndGlobal
